<Solution>
  <Folder Name="/Api/">
    <Project Path="AnalisisVentas.Api/AnalisisVentas.Api.csproj" />
  </Folder>
  <Folder Name="/Data/">
    <Project Path="AnalisisVentas.Data/AnalisisVentas.Data.csproj" />
  </Folder>
  <Folder Name="/Proccess/">
    <Project Path="AnalisisVentas.WkService/AnalisisVentas.WkService.csproj" />
  </Folder>
</Solution>
