
Microsoft Visual Studio Solution File, Format Version 12.00
# Visual Studio Version 17
VisualStudioVersion = 17.0.31903.59
MinimumVisualStudioVersion = 10.0.40219.1
Project("{2150E333-8FDC-42A3-9474-1A3956D46DE8}") = "src", "src", "{827E0CD3-B72D-47B6-A68D-7590B98EB39B}"
EndProject
Project("{FAE04EC0-301F-11D3-BF4B-00C04F79EFBC}") = "ETLVentas.DW.domain", "src\ETLVentas.DW.domain\ETLVentas.DW.domain.csproj", "{8C2694F1-1980-4E53-8B70-8EB00CF25212}"
EndProject
Project("{FAE04EC0-301F-11D3-BF4B-00C04F79EFBC}") = "ETLVentas.DW.application", "src\ETLVentas.DW.application\ETLVentas.DW.application.csproj", "{01EFB926-111A-4A2F-A76B-4173CACC2C6F}"
EndProject
Project("{FAE04EC0-301F-11D3-BF4B-00C04F79EFBC}") = "ETLVentas.DW.persistencia", "src\ETLVentas.DW.persistencia\ETLVentas.DW.persistencia.csproj", "{96F70ED9-77E2-48C0-B7E7-568B94E742EF}"
EndProject
Project("{FAE04EC0-301F-11D3-BF4B-00C04F79EFBC}") = "ETLVentas.DW.API", "src\ETLVentas.DW.API\ETLVentas.DW.API.csproj", "{FF3084A8-DD07-4713-BC64-B608444B23D9}"
EndProject
Project("{FAE04EC0-301F-11D3-BF4B-00C04F79EFBC}") = "ETLVentas.DW.workerLoad", "src\ETLVentas.DW.workerLoad\ETLVentas.DW.workerLoad.csproj", "{CEB93A3F-38EB-4348-B76F-5A44BADDF495}"
EndProject
Global
	GlobalSection(SolutionConfigurationPlatforms) = preSolution
		Debug|Any CPU = Debug|Any CPU
		Debug|x64 = Debug|x64
		Debug|x86 = Debug|x86
		Release|Any CPU = Release|Any CPU
		Release|x64 = Release|x64
		Release|x86 = Release|x86
	EndGlobalSection
	GlobalSection(ProjectConfigurationPlatforms) = postSolution
		{8C2694F1-1980-4E53-8B70-8EB00CF25212}.Debug|Any CPU.ActiveCfg = Debug|Any CPU
		{8C2694F1-1980-4E53-8B70-8EB00CF25212}.Debug|Any CPU.Build.0 = Debug|Any CPU
		{8C2694F1-1980-4E53-8B70-8EB00CF25212}.Debug|x64.ActiveCfg = Debug|Any CPU
		{8C2694F1-1980-4E53-8B70-8EB00CF25212}.Debug|x64.Build.0 = Debug|Any CPU
		{8C2694F1-1980-4E53-8B70-8EB00CF25212}.Debug|x86.ActiveCfg = Debug|Any CPU
		{8C2694F1-1980-4E53-8B70-8EB00CF25212}.Debug|x86.Build.0 = Debug|Any CPU
		{8C2694F1-1980-4E53-8B70-8EB00CF25212}.Release|Any CPU.ActiveCfg = Release|Any CPU
		{8C2694F1-1980-4E53-8B70-8EB00CF25212}.Release|Any CPU.Build.0 = Release|Any CPU
		{8C2694F1-1980-4E53-8B70-8EB00CF25212}.Release|x64.ActiveCfg = Release|Any CPU
		{8C2694F1-1980-4E53-8B70-8EB00CF25212}.Release|x64.Build.0 = Release|Any CPU
		{8C2694F1-1980-4E53-8B70-8EB00CF25212}.Release|x86.ActiveCfg = Release|Any CPU
		{8C2694F1-1980-4E53-8B70-8EB00CF25212}.Release|x86.Build.0 = Release|Any CPU
		{01EFB926-111A-4A2F-A76B-4173CACC2C6F}.Debug|Any CPU.ActiveCfg = Debug|Any CPU
		{01EFB926-111A-4A2F-A76B-4173CACC2C6F}.Debug|Any CPU.Build.0 = Debug|Any CPU
		{01EFB926-111A-4A2F-A76B-4173CACC2C6F}.Debug|x64.ActiveCfg = Debug|Any CPU
		{01EFB926-111A-4A2F-A76B-4173CACC2C6F}.Debug|x64.Build.0 = Debug|Any CPU
		{01EFB926-111A-4A2F-A76B-4173CACC2C6F}.Debug|x86.ActiveCfg = Debug|Any CPU
		{01EFB926-111A-4A2F-A76B-4173CACC2C6F}.Debug|x86.Build.0 = Debug|Any CPU
		{01EFB926-111A-4A2F-A76B-4173CACC2C6F}.Release|Any CPU.ActiveCfg = Release|Any CPU
		{01EFB926-111A-4A2F-A76B-4173CACC2C6F}.Release|Any CPU.Build.0 = Release|Any CPU
		{01EFB926-111A-4A2F-A76B-4173CACC2C6F}.Release|x64.ActiveCfg = Release|Any CPU
		{01EFB926-111A-4A2F-A76B-4173CACC2C6F}.Release|x64.Build.0 = Release|Any CPU
		{01EFB926-111A-4A2F-A76B-4173CACC2C6F}.Release|x86.ActiveCfg = Release|Any CPU
		{01EFB926-111A-4A2F-A76B-4173CACC2C6F}.Release|x86.Build.0 = Release|Any CPU
		{96F70ED9-77E2-48C0-B7E7-568B94E742EF}.Debug|Any CPU.ActiveCfg = Debug|Any CPU
		{96F70ED9-77E2-48C0-B7E7-568B94E742EF}.Debug|Any CPU.Build.0 = Debug|Any CPU
		{96F70ED9-77E2-48C0-B7E7-568B94E742EF}.Debug|x64.ActiveCfg = Debug|Any CPU
		{96F70ED9-77E2-48C0-B7E7-568B94E742EF}.Debug|x64.Build.0 = Debug|Any CPU
		{96F70ED9-77E2-48C0-B7E7-568B94E742EF}.Debug|x86.ActiveCfg = Debug|Any CPU
		{96F70ED9-77E2-48C0-B7E7-568B94E742EF}.Debug|x86.Build.0 = Debug|Any CPU
		{96F70ED9-77E2-48C0-B7E7-568B94E742EF}.Release|Any CPU.ActiveCfg = Release|Any CPU
		{96F70ED9-77E2-48C0-B7E7-568B94E742EF}.Release|Any CPU.Build.0 = Release|Any CPU
		{96F70ED9-77E2-48C0-B7E7-568B94E742EF}.Release|x64.ActiveCfg = Release|Any CPU
		{96F70ED9-77E2-48C0-B7E7-568B94E742EF}.Release|x64.Build.0 = Release|Any CPU
		{96F70ED9-77E2-48C0-B7E7-568B94E742EF}.Release|x86.ActiveCfg = Release|Any CPU
		{96F70ED9-77E2-48C0-B7E7-568B94E742EF}.Release|x86.Build.0 = Release|Any CPU
		{FF3084A8-DD07-4713-BC64-B608444B23D9}.Debug|Any CPU.ActiveCfg = Debug|Any CPU
		{FF3084A8-DD07-4713-BC64-B608444B23D9}.Debug|Any CPU.Build.0 = Debug|Any CPU
		{FF3084A8-DD07-4713-BC64-B608444B23D9}.Debug|x64.ActiveCfg = Debug|Any CPU
		{FF3084A8-DD07-4713-BC64-B608444B23D9}.Debug|x64.Build.0 = Debug|Any CPU
		{FF3084A8-DD07-4713-BC64-B608444B23D9}.Debug|x86.ActiveCfg = Debug|Any CPU
		{FF3084A8-DD07-4713-BC64-B608444B23D9}.Debug|x86.Build.0 = Debug|Any CPU
		{FF3084A8-DD07-4713-BC64-B608444B23D9}.Release|Any CPU.ActiveCfg = Release|Any CPU
		{FF3084A8-DD07-4713-BC64-B608444B23D9}.Release|Any CPU.Build.0 = Release|Any CPU
		{FF3084A8-DD07-4713-BC64-B608444B23D9}.Release|x64.ActiveCfg = Release|Any CPU
		{FF3084A8-DD07-4713-BC64-B608444B23D9}.Release|x64.Build.0 = Release|Any CPU
		{FF3084A8-DD07-4713-BC64-B608444B23D9}.Release|x86.ActiveCfg = Release|Any CPU
		{FF3084A8-DD07-4713-BC64-B608444B23D9}.Release|x86.Build.0 = Release|Any CPU
		{CEB93A3F-38EB-4348-B76F-5A44BADDF495}.Debug|Any CPU.ActiveCfg = Debug|Any CPU
		{CEB93A3F-38EB-4348-B76F-5A44BADDF495}.Debug|Any CPU.Build.0 = Debug|Any CPU
		{CEB93A3F-38EB-4348-B76F-5A44BADDF495}.Debug|x64.ActiveCfg = Debug|Any CPU
		{CEB93A3F-38EB-4348-B76F-5A44BADDF495}.Debug|x64.Build.0 = Debug|Any CPU
		{CEB93A3F-38EB-4348-B76F-5A44BADDF495}.Debug|x86.ActiveCfg = Debug|Any CPU
		{CEB93A3F-38EB-4348-B76F-5A44BADDF495}.Debug|x86.Build.0 = Debug|Any CPU
		{CEB93A3F-38EB-4348-B76F-5A44BADDF495}.Release|Any CPU.ActiveCfg = Release|Any CPU
		{CEB93A3F-38EB-4348-B76F-5A44BADDF495}.Release|Any CPU.Build.0 = Release|Any CPU
		{CEB93A3F-38EB-4348-B76F-5A44BADDF495}.Release|x64.ActiveCfg = Release|Any CPU
		{CEB93A3F-38EB-4348-B76F-5A44BADDF495}.Release|x64.Build.0 = Release|Any CPU
		{CEB93A3F-38EB-4348-B76F-5A44BADDF495}.Release|x86.ActiveCfg = Release|Any CPU
		{CEB93A3F-38EB-4348-B76F-5A44BADDF495}.Release|x86.Build.0 = Release|Any CPU
	EndGlobalSection
	GlobalSection(SolutionProperties) = preSolution
		HideSolutionNode = FALSE
	EndGlobalSection
	GlobalSection(NestedProjects) = preSolution
		{8C2694F1-1980-4E53-8B70-8EB00CF25212} = {827E0CD3-B72D-47B6-A68D-7590B98EB39B}
		{01EFB926-111A-4A2F-A76B-4173CACC2C6F} = {827E0CD3-B72D-47B6-A68D-7590B98EB39B}
		{96F70ED9-77E2-48C0-B7E7-568B94E742EF} = {827E0CD3-B72D-47B6-A68D-7590B98EB39B}
		{FF3084A8-DD07-4713-BC64-B608444B23D9} = {827E0CD3-B72D-47B6-A68D-7590B98EB39B}
		{CEB93A3F-38EB-4348-B76F-5A44BADDF495} = {827E0CD3-B72D-47B6-A68D-7590B98EB39B}
	EndGlobalSection
EndGlobal
